<Solution>
  <Folder Name="/Solution Items/">
    <File Path=".gitignore" />
  </Folder>
  <Project Path="Task 1/Task 1.csproj" Id="894d4e78-6343-486d-a93d-896e195b9b0e" />
  <Project Path="Task 2/Task 2.csproj" Id="f5dbf4c8-4050-4f78-a1ad-f74ce5ac9364" />
  <Project Path="Task 3/Task 3.csproj" Id="b99262d9-22bb-4020-a787-8e570036e998" />
  <Project Path="Task 4/Task 4.csproj" Id="0389558b-ccd3-4a21-8257-e1d9a406dd5d" />
  <Project Path="Task 5/Task 5.csproj" Id="894c1c4f-8cd6-467f-8959-c2f96f220421" />
</Solution>
